# This file is generated by running "yarn install" inside your project.
# Manual changes might be lost - proceed with caution!

__metadata:
  version: 8
  cacheKey: 10c0

"bson@npm:6.10.1":
  version: 6.10.1
  resolution: "bson@npm:6.10.1"
  checksum: 10c0/89f0ee7a45211648afa5a32d7f4d7ce436e20614b7c5d37c9fd6bc6e9464eec0ddeab8432a836d819bef1f4896256d874044603cf5f4b2123c00734842799601
  languageName: node
  linkType: hard

"bson@patch:bson@npm%3A6.10.1#~/.yarn/patches/bson-npm-6.10.1-ce7e3d7ed8.patch":
  version: 6.10.1
  resolution: "bson@patch:bson@npm%3A6.10.1#~/.yarn/patches/bson-npm-6.10.1-ce7e3d7ed8.patch::version=6.10.1&hash=5415a2"
  checksum: 10c0/304561ab6e32a26a2220015870f43fdc885878e88eb3a8be83af721bedcf5fefc2314b4433363818ef5d062b72dd9a2e6502a67abec752d36017cd122e49a97d
  languageName: node
  linkType: hard

"one@workspace:^, one@workspace:packages/one":
  version: 0.0.0-use.local
  resolution: "one@workspace:packages/one"
  dependencies:
    bson: "patch:bson@npm%3A6.10.1#~/.yarn/patches/bson-npm-6.10.1-ce7e3d7ed8.patch"
  languageName: unknown
  linkType: soft

"patch@workspace:.":
  version: 0.0.0-use.local
  resolution: "patch@workspace:."
  languageName: unknown
  linkType: soft

"three@workspace:packages/three":
  version: 0.0.0-use.local
  resolution: "three@workspace:packages/three"
  dependencies:
    one: "workspace:^"
    two: "workspace:^"
  bin:
    three: ./index.js
  languageName: unknown
  linkType: soft

"two@workspace:^, two@workspace:packages/two":
  version: 0.0.0-use.local
  resolution: "two@workspace:packages/two"
  dependencies:
    bson: "patch:bson@npm%3A6.10.1#~/.yarn/patches/bson-npm-6.10.1-ce7e3d7ed8.patch"
  languageName: unknown
  linkType: soft
